
Microsoft Visual Studio Solution File, Format Version 12.00
# Visual Studio Version 16
VisualStudioVersion = 16.0.29503.13
MinimumVisualStudioVersion = 10.0.40219.1
Project("{FAE04EC0-301F-11D3-BF4B-00C04F79EFBC}") = "CovidReport", "WindowsFormsApp1\CovidReport.csproj", "{CCB374BC-9173-4276-92E9-4645C2A5CC22}"
EndProject
Global
	GlobalSection(SolutionConfigurationPlatforms) = preSolution
		Debug|Any CPU = Debug|Any CPU
		Release|Any CPU = Release|Any CPU
	EndGlobalSection
	GlobalSection(ProjectConfigurationPlatforms) = postSolution
		{CCB374BC-9173-4276-92E9-4645C2A5CC22}.Debug|Any CPU.ActiveCfg = Debug|Any CPU
		{CCB374BC-9173-4276-92E9-4645C2A5CC22}.Debug|Any CPU.Build.0 = Debug|Any CPU
		{CCB374BC-9173-4276-92E9-4645C2A5CC22}.Release|Any CPU.ActiveCfg = Release|Any CPU
		{CCB374BC-9173-4276-92E9-4645C2A5CC22}.Release|Any CPU.Build.0 = Release|Any CPU
	EndGlobalSection
	GlobalSection(SolutionProperties) = preSolution
		HideSolutionNode = FALSE
	EndGlobalSection
	GlobalSection(ExtensibilityGlobals) = postSolution
		SolutionGuid = {AA94D309-903A-4BF2-ABBE-07FA40985B32}
	EndGlobalSection
EndGlobal
