
Microsoft Visual Studio Solution File, Format Version 12.00
# Visual Studio Version 16
VisualStudioVersion = 16.0.31105.61
MinimumVisualStudioVersion = 10.0.40219.1
Project("{FAE04EC0-301F-11D3-BF4B-00C04F79EFBC}") = "WinFormTest", "WinFormTest.csproj", "{AC0A7702-81C8-47F9-88C3-41A17A94879B}"
EndProject
Global
	GlobalSection(SolutionConfigurationPlatforms) = preSolution
		Debug|Any CPU = Debug|Any CPU
		Release|Any CPU = Release|Any CPU
	EndGlobalSection
	GlobalSection(ProjectConfigurationPlatforms) = postSolution
		{AC0A7702-81C8-47F9-88C3-41A17A94879B}.Debug|Any CPU.ActiveCfg = Debug|Any CPU
		{AC0A7702-81C8-47F9-88C3-41A17A94879B}.Debug|Any CPU.Build.0 = Debug|Any CPU
		{AC0A7702-81C8-47F9-88C3-41A17A94879B}.Release|Any CPU.ActiveCfg = Release|Any CPU
		{AC0A7702-81C8-47F9-88C3-41A17A94879B}.Release|Any CPU.Build.0 = Release|Any CPU
	EndGlobalSection
	GlobalSection(SolutionProperties) = preSolution
		HideSolutionNode = FALSE
	EndGlobalSection
	GlobalSection(ExtensibilityGlobals) = postSolution
		SolutionGuid = {8EE46E7A-1BC5-42FC-870A-DFAEF4EFAC93}
	EndGlobalSection
EndGlobal
